
Microsoft Visual Studio Solution File, Format Version 12.00
# Visual Studio Version 17
VisualStudioVersion = 17.10.35013.160
MinimumVisualStudioVersion = 10.0.40219.1
Project("{FAE04EC0-301F-11D3-BF4B-00C04F79EFBC}") = "Chiayin_Yang_MidTerm", "Chiayin_Yang_MidTerm\Chiayin_Yang_MidTerm.csproj", "{7A6BF6CF-F18C-4876-92C9-87CE7CD2143D}"
EndProject
Global
	GlobalSection(SolutionConfigurationPlatforms) = preSolution
		Debug|Any CPU = Debug|Any CPU
		Release|Any CPU = Release|Any CPU
	EndGlobalSection
	GlobalSection(ProjectConfigurationPlatforms) = postSolution
		{7A6BF6CF-F18C-4876-92C9-87CE7CD2143D}.Debug|Any CPU.ActiveCfg = Debug|Any CPU
		{7A6BF6CF-F18C-4876-92C9-87CE7CD2143D}.Debug|Any CPU.Build.0 = Debug|Any CPU
		{7A6BF6CF-F18C-4876-92C9-87CE7CD2143D}.Release|Any CPU.ActiveCfg = Release|Any CPU
		{7A6BF6CF-F18C-4876-92C9-87CE7CD2143D}.Release|Any CPU.Build.0 = Release|Any CPU
	EndGlobalSection
	GlobalSection(SolutionProperties) = preSolution
		HideSolutionNode = FALSE
	EndGlobalSection
	GlobalSection(ExtensibilityGlobals) = postSolution
		SolutionGuid = {CF34BB9F-C09C-4E11-8A29-A18A43FB83E0}
	EndGlobalSection
EndGlobal
